
Microsoft Visual Studio Solution File, Format Version 12.00
# Visual Studio Version 16
VisualStudioVersion = 16.0.30204.135
MinimumVisualStudioVersion = 10.0.40219.1
Project("{FAE04EC0-301F-11D3-BF4B-00C04F79EFBC}") = "base-graphql-net-core", "base-graphql-net-core\base-graphql-net-core.csproj", "{C80E2419-C1B9-4330-9375-3708E22837AF}"
EndProject
Global
	GlobalSection(SolutionConfigurationPlatforms) = preSolution
		Debug|Any CPU = Debug|Any CPU
		Release|Any CPU = Release|Any CPU
	EndGlobalSection
	GlobalSection(ProjectConfigurationPlatforms) = postSolution
		{C80E2419-C1B9-4330-9375-3708E22837AF}.Debug|Any CPU.ActiveCfg = Debug|Any CPU
		{C80E2419-C1B9-4330-9375-3708E22837AF}.Debug|Any CPU.Build.0 = Debug|Any CPU
		{C80E2419-C1B9-4330-9375-3708E22837AF}.Release|Any CPU.ActiveCfg = Release|Any CPU
		{C80E2419-C1B9-4330-9375-3708E22837AF}.Release|Any CPU.Build.0 = Release|Any CPU
	EndGlobalSection
	GlobalSection(SolutionProperties) = preSolution
		HideSolutionNode = FALSE
	EndGlobalSection
	GlobalSection(ExtensibilityGlobals) = postSolution
		SolutionGuid = {5CB6CFEF-F046-4998-A816-12CA0C85FCF2}
	EndGlobalSection
EndGlobal
